
Microsoft Visual Studio Solution File, Format Version 12.00
# Visual Studio 15
VisualStudioVersion = 15.0.28307.1433
MinimumVisualStudioVersion = 10.0.40219.1
Project("{8BC9CEB8-8B4A-11D0-8D11-00A0C91BC942}") = "MyFirstHelloWold", "MyFirstHelloWold\MyFirstHelloWold.vcxproj", "{F6B9281D-CB61-4C25-8391-6B041C9DF5B7}"
EndProject
Project("{8BC9CEB8-8B4A-11D0-8D11-00A0C91BC942}") = "chapter1-1", "chapter1-1\chapter1-1.vcxproj", "{57E5434D-EDA3-4844-87C9-3F8B8C859B25}"
EndProject
Project("{8BC9CEB8-8B4A-11D0-8D11-00A0C91BC942}") = "Chapter1-3", "Chapter1-3\Chapter1-3.vcxproj", "{2CE24842-282B-4EFA-9F13-85863417C5F6}"
EndProject
Project("{8BC9CEB8-8B4A-11D0-8D11-00A0C91BC942}") = "Chapter1-4", "Chapter1-4\Chapter1-4.vcxproj", "{2E563FCC-9ED0-4A0B-A2DD-470E8B8ECCFB}"
EndProject
Project("{8BC9CEB8-8B4A-11D0-8D11-00A0C91BC942}") = "Chapter1-5", "Chapter1-5\Chapter1-5.vcxproj", "{36F4CD86-641F-4C6C-B884-DCAE904C8954}"
EndProject
Project("{8BC9CEB8-8B4A-11D0-8D11-00A0C91BC942}") = "Chapter1-7", "Chapter1-7\Chapter1-7.vcxproj", "{FD1DB18D-8DBA-4DEB-82B8-B0278A40E78E}"
EndProject
Project("{8BC9CEB8-8B4A-11D0-8D11-00A0C91BC942}") = "Chapter1-8", "Chapter1-8\Chapter1-8.vcxproj", "{1F10E642-3ABD-455A-9745-1A6F021CC51B}"
EndProject
Project("{8BC9CEB8-8B4A-11D0-8D11-00A0C91BC942}") = "Chapter1-9", "Chapter1-9\Chapter1-9.vcxproj", "{BB41EF05-1ABF-4F22-A81C-BAC268A38584}"
EndProject
Project("{8BC9CEB8-8B4A-11D0-8D11-00A0C91BC942}") = "Chapter1-10", "Chapter1-10\Chapter1-10.vcxproj", "{60A2E486-F5FC-4055-872F-5620EC7B6A04}"
EndProject
Project("{8BC9CEB8-8B4A-11D0-8D11-00A0C91BC942}") = "Chapter1-11", "Chapter1-11\Chapter1-11.vcxproj", "{F391F385-6E6F-458D-A39D-73DB40670581}"
EndProject
Project("{8BC9CEB8-8B4A-11D0-8D11-00A0C91BC942}") = "Chapter1-12", "Chapter1-12\Chapter1-12.vcxproj", "{69973BE9-9D3D-4310-9093-B839FD8AC4E6}"
EndProject
Project("{8BC9CEB8-8B4A-11D0-8D11-00A0C91BC942}") = "Chapter1-13", "Chapter1-13\Chapter1-13.vcxproj", "{B514F306-F436-4168-8E0A-EB8B11FC2A1D}"
EndProject
Project("{8BC9CEB8-8B4A-11D0-8D11-00A0C91BC942}") = "Chapter1-14", "Chapter1-14\Chapter1-14.vcxproj", "{3927868C-9F7C-4102-92C4-B7B0332B81DC}"
EndProject
Project("{8BC9CEB8-8B4A-11D0-8D11-00A0C91BC942}") = "Chapter2-1", "Chapter2-1\Chapter2-1.vcxproj", "{831EA7DC-B0A5-494A-8B04-A9549CE75BD4}"
EndProject
Project("{8BC9CEB8-8B4A-11D0-8D11-00A0C91BC942}") = "Chapter2-2", "Chapter2-2\Chapter2-2.vcxproj", "{22C4C76A-F3C2-4E24-B29F-DA27497F0A25}"
EndProject
Project("{8BC9CEB8-8B4A-11D0-8D11-00A0C91BC942}") = "Chapter2-3", "Chapter2-3\Chapter2-3.vcxproj", "{D4768B98-CF1E-4406-8BFF-358CEB9D7FDA}"
EndProject
Project("{8BC9CEB8-8B4A-11D0-8D11-00A0C91BC942}") = "Chapter2-4", "Chapter2-4\Chapter2-4.vcxproj", "{1E0D0631-E2B8-49B3-93F5-EBFF2B1B4D91}"
EndProject
Project("{8BC9CEB8-8B4A-11D0-8D11-00A0C91BC942}") = "Chapter2-5", "Chapter2-5\Chapter2-5.vcxproj", "{11082CA7-636A-41F0-BFA2-F89B57DCD037}"
EndProject
Project("{8BC9CEB8-8B4A-11D0-8D11-00A0C91BC942}") = "Chapter2-6", "Chapter2-6\Chapter2-6.vcxproj", "{2513FFCB-3DEB-4542-A781-35BE802B9678}"
EndProject
Project("{8BC9CEB8-8B4A-11D0-8D11-00A0C91BC942}") = "Chapter2-7", "Chapter2-7\Chapter2-7.vcxproj", "{FD3AD5A9-9966-475B-A955-11AE0CAC6B8A}"
EndProject
Project("{8BC9CEB8-8B4A-11D0-8D11-00A0C91BC942}") = "Chapter2-8", "Chapter2-8\Chapter2-8.vcxproj", "{C2187886-C713-431A-B70C-93D432D3BF29}"
EndProject
Project("{8BC9CEB8-8B4A-11D0-8D11-00A0C91BC942}") = "Chapter2-9", "Chapter2-9\Chapter2-9.vcxproj", "{4D0086D1-5E17-4926-844B-BB05B15E10C1}"
EndProject
Project("{8BC9CEB8-8B4A-11D0-8D11-00A0C91BC942}") = "Chapter3-1", "Chapter3-1\Chapter3-1.vcxproj", "{EAEA1890-6DD0-4756-B35D-C337A1AB2F47}"
EndProject
Project("{8BC9CEB8-8B4A-11D0-8D11-00A0C91BC942}") = "Chapter3-2", "Chapter3-2\Chapter3-2.vcxproj", "{537812CA-CEAE-4622-A6A3-46E3F0693D68}"
EndProject
Project("{8BC9CEB8-8B4A-11D0-8D11-00A0C91BC942}") = "Chapter3-3", "Chapter3-3\Chapter3-3.vcxproj", "{CF80B98D-8109-4809-85B0-336A79857400}"
EndProject
Project("{8BC9CEB8-8B4A-11D0-8D11-00A0C91BC942}") = "Chapter3-4", "Chapter3-4\Chapter3-4.vcxproj", "{4F41F957-8A6A-4203-B083-5FA367B50EE2}"
EndProject
Project("{8BC9CEB8-8B4A-11D0-8D11-00A0C91BC942}") = "Chapter3-5", "Chapter3-5\Chapter3-5.vcxproj", "{DFC4A0C0-D2CF-4671-B78A-6E9150DFCC17}"
EndProject
Project("{8BC9CEB8-8B4A-11D0-8D11-00A0C91BC942}") = "Chapter3-6", "Chapter3-6\Chapter3-6.vcxproj", "{FD854348-6B93-4613-9479-7ED766DF9F6C}"
EndProject
Project("{8BC9CEB8-8B4A-11D0-8D11-00A0C91BC942}") = "Chapter3-7", "Chapter3-7\Chapter3-7.vcxproj", "{374D82E3-10BD-4237-8173-17E7E37EF366}"
EndProject
Project("{8BC9CEB8-8B4A-11D0-8D11-00A0C91BC942}") = "Chapter3-8", "Chapter3-8\Chapter3-8.vcxproj", "{E8B458EC-9201-4E81-85B2-A7AF77841CAB}"
EndProject
Project("{8BC9CEB8-8B4A-11D0-8D11-00A0C91BC942}") = "Chapter3-9", "Chapter3-9\Chapter3-9.vcxproj", "{796855C4-1656-418D-87B6-2BD3E92C40C8}"
EndProject
Project("{8BC9CEB8-8B4A-11D0-8D11-00A0C91BC942}") = "Chapter4-1", "Chapter4-1\Chapter4-1.vcxproj", "{C14AC3FA-0A8E-489B-9967-3512E183BCAE}"
EndProject
Project("{8BC9CEB8-8B4A-11D0-8D11-00A0C91BC942}") = "Chapter4-2", "Chapter4-2\Chapter4-2.vcxproj", "{CD2C8D6F-7D8A-45AC-8AB5-31FD65D7759B}"
EndProject
Global
	GlobalSection(SolutionConfigurationPlatforms) = preSolution
		Debug|x64 = Debug|x64
		Debug|x86 = Debug|x86
		Release|x64 = Release|x64
		Release|x86 = Release|x86
	EndGlobalSection
	GlobalSection(ProjectConfigurationPlatforms) = postSolution
		{F6B9281D-CB61-4C25-8391-6B041C9DF5B7}.Debug|x64.ActiveCfg = Debug|x64
		{F6B9281D-CB61-4C25-8391-6B041C9DF5B7}.Debug|x64.Build.0 = Debug|x64
		{F6B9281D-CB61-4C25-8391-6B041C9DF5B7}.Debug|x86.ActiveCfg = Debug|Win32
		{F6B9281D-CB61-4C25-8391-6B041C9DF5B7}.Debug|x86.Build.0 = Debug|Win32
		{F6B9281D-CB61-4C25-8391-6B041C9DF5B7}.Release|x64.ActiveCfg = Release|x64
		{F6B9281D-CB61-4C25-8391-6B041C9DF5B7}.Release|x64.Build.0 = Release|x64
		{F6B9281D-CB61-4C25-8391-6B041C9DF5B7}.Release|x86.ActiveCfg = Release|Win32
		{F6B9281D-CB61-4C25-8391-6B041C9DF5B7}.Release|x86.Build.0 = Release|Win32
		{57E5434D-EDA3-4844-87C9-3F8B8C859B25}.Debug|x64.ActiveCfg = Debug|x64
		{57E5434D-EDA3-4844-87C9-3F8B8C859B25}.Debug|x64.Build.0 = Debug|x64
		{57E5434D-EDA3-4844-87C9-3F8B8C859B25}.Debug|x86.ActiveCfg = Debug|Win32
		{57E5434D-EDA3-4844-87C9-3F8B8C859B25}.Debug|x86.Build.0 = Debug|Win32
		{57E5434D-EDA3-4844-87C9-3F8B8C859B25}.Release|x64.ActiveCfg = Release|x64
		{57E5434D-EDA3-4844-87C9-3F8B8C859B25}.Release|x64.Build.0 = Release|x64
		{57E5434D-EDA3-4844-87C9-3F8B8C859B25}.Release|x86.ActiveCfg = Release|Win32
		{57E5434D-EDA3-4844-87C9-3F8B8C859B25}.Release|x86.Build.0 = Release|Win32
		{2CE24842-282B-4EFA-9F13-85863417C5F6}.Debug|x64.ActiveCfg = Debug|x64
		{2CE24842-282B-4EFA-9F13-85863417C5F6}.Debug|x64.Build.0 = Debug|x64
		{2CE24842-282B-4EFA-9F13-85863417C5F6}.Debug|x86.ActiveCfg = Debug|Win32
		{2CE24842-282B-4EFA-9F13-85863417C5F6}.Debug|x86.Build.0 = Debug|Win32
		{2CE24842-282B-4EFA-9F13-85863417C5F6}.Release|x64.ActiveCfg = Release|x64
		{2CE24842-282B-4EFA-9F13-85863417C5F6}.Release|x64.Build.0 = Release|x64
		{2CE24842-282B-4EFA-9F13-85863417C5F6}.Release|x86.ActiveCfg = Release|Win32
		{2CE24842-282B-4EFA-9F13-85863417C5F6}.Release|x86.Build.0 = Release|Win32
		{2E563FCC-9ED0-4A0B-A2DD-470E8B8ECCFB}.Debug|x64.ActiveCfg = Debug|x64
		{2E563FCC-9ED0-4A0B-A2DD-470E8B8ECCFB}.Debug|x64.Build.0 = Debug|x64
		{2E563FCC-9ED0-4A0B-A2DD-470E8B8ECCFB}.Debug|x86.ActiveCfg = Debug|Win32
		{2E563FCC-9ED0-4A0B-A2DD-470E8B8ECCFB}.Debug|x86.Build.0 = Debug|Win32
		{2E563FCC-9ED0-4A0B-A2DD-470E8B8ECCFB}.Release|x64.ActiveCfg = Release|x64
		{2E563FCC-9ED0-4A0B-A2DD-470E8B8ECCFB}.Release|x64.Build.0 = Release|x64
		{2E563FCC-9ED0-4A0B-A2DD-470E8B8ECCFB}.Release|x86.ActiveCfg = Release|Win32
		{2E563FCC-9ED0-4A0B-A2DD-470E8B8ECCFB}.Release|x86.Build.0 = Release|Win32
		{36F4CD86-641F-4C6C-B884-DCAE904C8954}.Debug|x64.ActiveCfg = Debug|x64
		{36F4CD86-641F-4C6C-B884-DCAE904C8954}.Debug|x64.Build.0 = Debug|x64
		{36F4CD86-641F-4C6C-B884-DCAE904C8954}.Debug|x86.ActiveCfg = Debug|Win32
		{36F4CD86-641F-4C6C-B884-DCAE904C8954}.Debug|x86.Build.0 = Debug|Win32
		{36F4CD86-641F-4C6C-B884-DCAE904C8954}.Release|x64.ActiveCfg = Release|x64
		{36F4CD86-641F-4C6C-B884-DCAE904C8954}.Release|x64.Build.0 = Release|x64
		{36F4CD86-641F-4C6C-B884-DCAE904C8954}.Release|x86.ActiveCfg = Release|Win32
		{36F4CD86-641F-4C6C-B884-DCAE904C8954}.Release|x86.Build.0 = Release|Win32
		{FD1DB18D-8DBA-4DEB-82B8-B0278A40E78E}.Debug|x64.ActiveCfg = Debug|x64
		{FD1DB18D-8DBA-4DEB-82B8-B0278A40E78E}.Debug|x64.Build.0 = Debug|x64
		{FD1DB18D-8DBA-4DEB-82B8-B0278A40E78E}.Debug|x86.ActiveCfg = Debug|Win32
		{FD1DB18D-8DBA-4DEB-82B8-B0278A40E78E}.Debug|x86.Build.0 = Debug|Win32
		{FD1DB18D-8DBA-4DEB-82B8-B0278A40E78E}.Release|x64.ActiveCfg = Release|x64
		{FD1DB18D-8DBA-4DEB-82B8-B0278A40E78E}.Release|x64.Build.0 = Release|x64
		{FD1DB18D-8DBA-4DEB-82B8-B0278A40E78E}.Release|x86.ActiveCfg = Release|Win32
		{FD1DB18D-8DBA-4DEB-82B8-B0278A40E78E}.Release|x86.Build.0 = Release|Win32
		{1F10E642-3ABD-455A-9745-1A6F021CC51B}.Debug|x64.ActiveCfg = Debug|x64
		{1F10E642-3ABD-455A-9745-1A6F021CC51B}.Debug|x64.Build.0 = Debug|x64
		{1F10E642-3ABD-455A-9745-1A6F021CC51B}.Debug|x86.ActiveCfg = Debug|Win32
		{1F10E642-3ABD-455A-9745-1A6F021CC51B}.Debug|x86.Build.0 = Debug|Win32
		{1F10E642-3ABD-455A-9745-1A6F021CC51B}.Release|x64.ActiveCfg = Release|x64
		{1F10E642-3ABD-455A-9745-1A6F021CC51B}.Release|x64.Build.0 = Release|x64
		{1F10E642-3ABD-455A-9745-1A6F021CC51B}.Release|x86.ActiveCfg = Release|Win32
		{1F10E642-3ABD-455A-9745-1A6F021CC51B}.Release|x86.Build.0 = Release|Win32
		{BB41EF05-1ABF-4F22-A81C-BAC268A38584}.Debug|x64.ActiveCfg = Debug|x64
		{BB41EF05-1ABF-4F22-A81C-BAC268A38584}.Debug|x64.Build.0 = Debug|x64
		{BB41EF05-1ABF-4F22-A81C-BAC268A38584}.Debug|x86.ActiveCfg = Debug|Win32
		{BB41EF05-1ABF-4F22-A81C-BAC268A38584}.Debug|x86.Build.0 = Debug|Win32
		{BB41EF05-1ABF-4F22-A81C-BAC268A38584}.Release|x64.ActiveCfg = Release|x64
		{BB41EF05-1ABF-4F22-A81C-BAC268A38584}.Release|x64.Build.0 = Release|x64
		{BB41EF05-1ABF-4F22-A81C-BAC268A38584}.Release|x86.ActiveCfg = Release|Win32
		{BB41EF05-1ABF-4F22-A81C-BAC268A38584}.Release|x86.Build.0 = Release|Win32
		{60A2E486-F5FC-4055-872F-5620EC7B6A04}.Debug|x64.ActiveCfg = Debug|x64
		{60A2E486-F5FC-4055-872F-5620EC7B6A04}.Debug|x64.Build.0 = Debug|x64
		{60A2E486-F5FC-4055-872F-5620EC7B6A04}.Debug|x86.ActiveCfg = Debug|Win32
		{60A2E486-F5FC-4055-872F-5620EC7B6A04}.Debug|x86.Build.0 = Debug|Win32
		{60A2E486-F5FC-4055-872F-5620EC7B6A04}.Release|x64.ActiveCfg = Release|x64
		{60A2E486-F5FC-4055-872F-5620EC7B6A04}.Release|x64.Build.0 = Release|x64
		{60A2E486-F5FC-4055-872F-5620EC7B6A04}.Release|x86.ActiveCfg = Release|Win32
		{60A2E486-F5FC-4055-872F-5620EC7B6A04}.Release|x86.Build.0 = Release|Win32
		{F391F385-6E6F-458D-A39D-73DB40670581}.Debug|x64.ActiveCfg = Debug|x64
		{F391F385-6E6F-458D-A39D-73DB40670581}.Debug|x64.Build.0 = Debug|x64
		{F391F385-6E6F-458D-A39D-73DB40670581}.Debug|x86.ActiveCfg = Debug|Win32
		{F391F385-6E6F-458D-A39D-73DB40670581}.Debug|x86.Build.0 = Debug|Win32
		{F391F385-6E6F-458D-A39D-73DB40670581}.Release|x64.ActiveCfg = Release|x64
		{F391F385-6E6F-458D-A39D-73DB40670581}.Release|x64.Build.0 = Release|x64
		{F391F385-6E6F-458D-A39D-73DB40670581}.Release|x86.ActiveCfg = Release|Win32
		{F391F385-6E6F-458D-A39D-73DB40670581}.Release|x86.Build.0 = Release|Win32
		{69973BE9-9D3D-4310-9093-B839FD8AC4E6}.Debug|x64.ActiveCfg = Debug|x64
		{69973BE9-9D3D-4310-9093-B839FD8AC4E6}.Debug|x64.Build.0 = Debug|x64
		{69973BE9-9D3D-4310-9093-B839FD8AC4E6}.Debug|x86.ActiveCfg = Debug|Win32
		{69973BE9-9D3D-4310-9093-B839FD8AC4E6}.Debug|x86.Build.0 = Debug|Win32
		{69973BE9-9D3D-4310-9093-B839FD8AC4E6}.Release|x64.ActiveCfg = Release|x64
		{69973BE9-9D3D-4310-9093-B839FD8AC4E6}.Release|x64.Build.0 = Release|x64
		{69973BE9-9D3D-4310-9093-B839FD8AC4E6}.Release|x86.ActiveCfg = Release|Win32
		{69973BE9-9D3D-4310-9093-B839FD8AC4E6}.Release|x86.Build.0 = Release|Win32
		{B514F306-F436-4168-8E0A-EB8B11FC2A1D}.Debug|x64.ActiveCfg = Debug|x64
		{B514F306-F436-4168-8E0A-EB8B11FC2A1D}.Debug|x64.Build.0 = Debug|x64
		{B514F306-F436-4168-8E0A-EB8B11FC2A1D}.Debug|x86.ActiveCfg = Debug|Win32
		{B514F306-F436-4168-8E0A-EB8B11FC2A1D}.Debug|x86.Build.0 = Debug|Win32
		{B514F306-F436-4168-8E0A-EB8B11FC2A1D}.Release|x64.ActiveCfg = Release|x64
		{B514F306-F436-4168-8E0A-EB8B11FC2A1D}.Release|x64.Build.0 = Release|x64
		{B514F306-F436-4168-8E0A-EB8B11FC2A1D}.Release|x86.ActiveCfg = Release|Win32
		{B514F306-F436-4168-8E0A-EB8B11FC2A1D}.Release|x86.Build.0 = Release|Win32
		{3927868C-9F7C-4102-92C4-B7B0332B81DC}.Debug|x64.ActiveCfg = Debug|x64
		{3927868C-9F7C-4102-92C4-B7B0332B81DC}.Debug|x64.Build.0 = Debug|x64
		{3927868C-9F7C-4102-92C4-B7B0332B81DC}.Debug|x86.ActiveCfg = Debug|Win32
		{3927868C-9F7C-4102-92C4-B7B0332B81DC}.Debug|x86.Build.0 = Debug|Win32
		{3927868C-9F7C-4102-92C4-B7B0332B81DC}.Release|x64.ActiveCfg = Release|x64
		{3927868C-9F7C-4102-92C4-B7B0332B81DC}.Release|x64.Build.0 = Release|x64
		{3927868C-9F7C-4102-92C4-B7B0332B81DC}.Release|x86.ActiveCfg = Release|Win32
		{3927868C-9F7C-4102-92C4-B7B0332B81DC}.Release|x86.Build.0 = Release|Win32
		{831EA7DC-B0A5-494A-8B04-A9549CE75BD4}.Debug|x64.ActiveCfg = Debug|x64
		{831EA7DC-B0A5-494A-8B04-A9549CE75BD4}.Debug|x64.Build.0 = Debug|x64
		{831EA7DC-B0A5-494A-8B04-A9549CE75BD4}.Debug|x86.ActiveCfg = Debug|Win32
		{831EA7DC-B0A5-494A-8B04-A9549CE75BD4}.Debug|x86.Build.0 = Debug|Win32
		{831EA7DC-B0A5-494A-8B04-A9549CE75BD4}.Release|x64.ActiveCfg = Release|x64
		{831EA7DC-B0A5-494A-8B04-A9549CE75BD4}.Release|x64.Build.0 = Release|x64
		{831EA7DC-B0A5-494A-8B04-A9549CE75BD4}.Release|x86.ActiveCfg = Release|Win32
		{831EA7DC-B0A5-494A-8B04-A9549CE75BD4}.Release|x86.Build.0 = Release|Win32
		{22C4C76A-F3C2-4E24-B29F-DA27497F0A25}.Debug|x64.ActiveCfg = Debug|x64
		{22C4C76A-F3C2-4E24-B29F-DA27497F0A25}.Debug|x64.Build.0 = Debug|x64
		{22C4C76A-F3C2-4E24-B29F-DA27497F0A25}.Debug|x86.ActiveCfg = Debug|Win32
		{22C4C76A-F3C2-4E24-B29F-DA27497F0A25}.Debug|x86.Build.0 = Debug|Win32
		{22C4C76A-F3C2-4E24-B29F-DA27497F0A25}.Release|x64.ActiveCfg = Release|x64
		{22C4C76A-F3C2-4E24-B29F-DA27497F0A25}.Release|x64.Build.0 = Release|x64
		{22C4C76A-F3C2-4E24-B29F-DA27497F0A25}.Release|x86.ActiveCfg = Release|Win32
		{22C4C76A-F3C2-4E24-B29F-DA27497F0A25}.Release|x86.Build.0 = Release|Win32
		{D4768B98-CF1E-4406-8BFF-358CEB9D7FDA}.Debug|x64.ActiveCfg = Debug|x64
		{D4768B98-CF1E-4406-8BFF-358CEB9D7FDA}.Debug|x64.Build.0 = Debug|x64
		{D4768B98-CF1E-4406-8BFF-358CEB9D7FDA}.Debug|x86.ActiveCfg = Debug|Win32
		{D4768B98-CF1E-4406-8BFF-358CEB9D7FDA}.Debug|x86.Build.0 = Debug|Win32
		{D4768B98-CF1E-4406-8BFF-358CEB9D7FDA}.Release|x64.ActiveCfg = Release|x64
		{D4768B98-CF1E-4406-8BFF-358CEB9D7FDA}.Release|x64.Build.0 = Release|x64
		{D4768B98-CF1E-4406-8BFF-358CEB9D7FDA}.Release|x86.ActiveCfg = Release|Win32
		{D4768B98-CF1E-4406-8BFF-358CEB9D7FDA}.Release|x86.Build.0 = Release|Win32
		{1E0D0631-E2B8-49B3-93F5-EBFF2B1B4D91}.Debug|x64.ActiveCfg = Debug|x64
		{1E0D0631-E2B8-49B3-93F5-EBFF2B1B4D91}.Debug|x64.Build.0 = Debug|x64
		{1E0D0631-E2B8-49B3-93F5-EBFF2B1B4D91}.Debug|x86.ActiveCfg = Debug|Win32
		{1E0D0631-E2B8-49B3-93F5-EBFF2B1B4D91}.Debug|x86.Build.0 = Debug|Win32
		{1E0D0631-E2B8-49B3-93F5-EBFF2B1B4D91}.Release|x64.ActiveCfg = Release|x64
		{1E0D0631-E2B8-49B3-93F5-EBFF2B1B4D91}.Release|x64.Build.0 = Release|x64
		{1E0D0631-E2B8-49B3-93F5-EBFF2B1B4D91}.Release|x86.ActiveCfg = Release|Win32
		{1E0D0631-E2B8-49B3-93F5-EBFF2B1B4D91}.Release|x86.Build.0 = Release|Win32
		{11082CA7-636A-41F0-BFA2-F89B57DCD037}.Debug|x64.ActiveCfg = Debug|x64
		{11082CA7-636A-41F0-BFA2-F89B57DCD037}.Debug|x64.Build.0 = Debug|x64
		{11082CA7-636A-41F0-BFA2-F89B57DCD037}.Debug|x86.ActiveCfg = Debug|Win32
		{11082CA7-636A-41F0-BFA2-F89B57DCD037}.Debug|x86.Build.0 = Debug|Win32
		{11082CA7-636A-41F0-BFA2-F89B57DCD037}.Release|x64.ActiveCfg = Release|x64
		{11082CA7-636A-41F0-BFA2-F89B57DCD037}.Release|x64.Build.0 = Release|x64
		{11082CA7-636A-41F0-BFA2-F89B57DCD037}.Release|x86.ActiveCfg = Release|Win32
		{11082CA7-636A-41F0-BFA2-F89B57DCD037}.Release|x86.Build.0 = Release|Win32
		{2513FFCB-3DEB-4542-A781-35BE802B9678}.Debug|x64.ActiveCfg = Debug|x64
		{2513FFCB-3DEB-4542-A781-35BE802B9678}.Debug|x64.Build.0 = Debug|x64
		{2513FFCB-3DEB-4542-A781-35BE802B9678}.Debug|x86.ActiveCfg = Debug|Win32
		{2513FFCB-3DEB-4542-A781-35BE802B9678}.Debug|x86.Build.0 = Debug|Win32
		{2513FFCB-3DEB-4542-A781-35BE802B9678}.Release|x64.ActiveCfg = Release|x64
		{2513FFCB-3DEB-4542-A781-35BE802B9678}.Release|x64.Build.0 = Release|x64
		{2513FFCB-3DEB-4542-A781-35BE802B9678}.Release|x86.ActiveCfg = Release|Win32
		{2513FFCB-3DEB-4542-A781-35BE802B9678}.Release|x86.Build.0 = Release|Win32
		{FD3AD5A9-9966-475B-A955-11AE0CAC6B8A}.Debug|x64.ActiveCfg = Debug|x64
		{FD3AD5A9-9966-475B-A955-11AE0CAC6B8A}.Debug|x64.Build.0 = Debug|x64
		{FD3AD5A9-9966-475B-A955-11AE0CAC6B8A}.Debug|x86.ActiveCfg = Debug|Win32
		{FD3AD5A9-9966-475B-A955-11AE0CAC6B8A}.Debug|x86.Build.0 = Debug|Win32
		{FD3AD5A9-9966-475B-A955-11AE0CAC6B8A}.Release|x64.ActiveCfg = Release|x64
		{FD3AD5A9-9966-475B-A955-11AE0CAC6B8A}.Release|x64.Build.0 = Release|x64
		{FD3AD5A9-9966-475B-A955-11AE0CAC6B8A}.Release|x86.ActiveCfg = Release|Win32
		{FD3AD5A9-9966-475B-A955-11AE0CAC6B8A}.Release|x86.Build.0 = Release|Win32
		{C2187886-C713-431A-B70C-93D432D3BF29}.Debug|x64.ActiveCfg = Debug|x64
		{C2187886-C713-431A-B70C-93D432D3BF29}.Debug|x64.Build.0 = Debug|x64
		{C2187886-C713-431A-B70C-93D432D3BF29}.Debug|x86.ActiveCfg = Debug|Win32
		{C2187886-C713-431A-B70C-93D432D3BF29}.Debug|x86.Build.0 = Debug|Win32
		{C2187886-C713-431A-B70C-93D432D3BF29}.Release|x64.ActiveCfg = Release|x64
		{C2187886-C713-431A-B70C-93D432D3BF29}.Release|x64.Build.0 = Release|x64
		{C2187886-C713-431A-B70C-93D432D3BF29}.Release|x86.ActiveCfg = Release|Win32
		{C2187886-C713-431A-B70C-93D432D3BF29}.Release|x86.Build.0 = Release|Win32
		{4D0086D1-5E17-4926-844B-BB05B15E10C1}.Debug|x64.ActiveCfg = Debug|x64
		{4D0086D1-5E17-4926-844B-BB05B15E10C1}.Debug|x64.Build.0 = Debug|x64
		{4D0086D1-5E17-4926-844B-BB05B15E10C1}.Debug|x86.ActiveCfg = Debug|Win32
		{4D0086D1-5E17-4926-844B-BB05B15E10C1}.Debug|x86.Build.0 = Debug|Win32
		{4D0086D1-5E17-4926-844B-BB05B15E10C1}.Release|x64.ActiveCfg = Release|x64
		{4D0086D1-5E17-4926-844B-BB05B15E10C1}.Release|x64.Build.0 = Release|x64
		{4D0086D1-5E17-4926-844B-BB05B15E10C1}.Release|x86.ActiveCfg = Release|Win32
		{4D0086D1-5E17-4926-844B-BB05B15E10C1}.Release|x86.Build.0 = Release|Win32
		{EAEA1890-6DD0-4756-B35D-C337A1AB2F47}.Debug|x64.ActiveCfg = Debug|x64
		{EAEA1890-6DD0-4756-B35D-C337A1AB2F47}.Debug|x64.Build.0 = Debug|x64
		{EAEA1890-6DD0-4756-B35D-C337A1AB2F47}.Debug|x86.ActiveCfg = Debug|Win32
		{EAEA1890-6DD0-4756-B35D-C337A1AB2F47}.Debug|x86.Build.0 = Debug|Win32
		{EAEA1890-6DD0-4756-B35D-C337A1AB2F47}.Release|x64.ActiveCfg = Release|x64
		{EAEA1890-6DD0-4756-B35D-C337A1AB2F47}.Release|x64.Build.0 = Release|x64
		{EAEA1890-6DD0-4756-B35D-C337A1AB2F47}.Release|x86.ActiveCfg = Release|Win32
		{EAEA1890-6DD0-4756-B35D-C337A1AB2F47}.Release|x86.Build.0 = Release|Win32
		{537812CA-CEAE-4622-A6A3-46E3F0693D68}.Debug|x64.ActiveCfg = Debug|x64
		{537812CA-CEAE-4622-A6A3-46E3F0693D68}.Debug|x64.Build.0 = Debug|x64
		{537812CA-CEAE-4622-A6A3-46E3F0693D68}.Debug|x86.ActiveCfg = Debug|Win32
		{537812CA-CEAE-4622-A6A3-46E3F0693D68}.Debug|x86.Build.0 = Debug|Win32
		{537812CA-CEAE-4622-A6A3-46E3F0693D68}.Release|x64.ActiveCfg = Release|x64
		{537812CA-CEAE-4622-A6A3-46E3F0693D68}.Release|x64.Build.0 = Release|x64
		{537812CA-CEAE-4622-A6A3-46E3F0693D68}.Release|x86.ActiveCfg = Release|Win32
		{537812CA-CEAE-4622-A6A3-46E3F0693D68}.Release|x86.Build.0 = Release|Win32
		{CF80B98D-8109-4809-85B0-336A79857400}.Debug|x64.ActiveCfg = Debug|x64
		{CF80B98D-8109-4809-85B0-336A79857400}.Debug|x64.Build.0 = Debug|x64
		{CF80B98D-8109-4809-85B0-336A79857400}.Debug|x86.ActiveCfg = Debug|Win32
		{CF80B98D-8109-4809-85B0-336A79857400}.Debug|x86.Build.0 = Debug|Win32
		{CF80B98D-8109-4809-85B0-336A79857400}.Release|x64.ActiveCfg = Release|x64
		{CF80B98D-8109-4809-85B0-336A79857400}.Release|x64.Build.0 = Release|x64
		{CF80B98D-8109-4809-85B0-336A79857400}.Release|x86.ActiveCfg = Release|Win32
		{CF80B98D-8109-4809-85B0-336A79857400}.Release|x86.Build.0 = Release|Win32
		{4F41F957-8A6A-4203-B083-5FA367B50EE2}.Debug|x64.ActiveCfg = Debug|x64
		{4F41F957-8A6A-4203-B083-5FA367B50EE2}.Debug|x64.Build.0 = Debug|x64
		{4F41F957-8A6A-4203-B083-5FA367B50EE2}.Debug|x86.ActiveCfg = Debug|Win32
		{4F41F957-8A6A-4203-B083-5FA367B50EE2}.Debug|x86.Build.0 = Debug|Win32
		{4F41F957-8A6A-4203-B083-5FA367B50EE2}.Release|x64.ActiveCfg = Release|x64
		{4F41F957-8A6A-4203-B083-5FA367B50EE2}.Release|x64.Build.0 = Release|x64
		{4F41F957-8A6A-4203-B083-5FA367B50EE2}.Release|x86.ActiveCfg = Release|Win32
		{4F41F957-8A6A-4203-B083-5FA367B50EE2}.Release|x86.Build.0 = Release|Win32
		{DFC4A0C0-D2CF-4671-B78A-6E9150DFCC17}.Debug|x64.ActiveCfg = Debug|x64
		{DFC4A0C0-D2CF-4671-B78A-6E9150DFCC17}.Debug|x64.Build.0 = Debug|x64
		{DFC4A0C0-D2CF-4671-B78A-6E9150DFCC17}.Debug|x86.ActiveCfg = Debug|Win32
		{DFC4A0C0-D2CF-4671-B78A-6E9150DFCC17}.Debug|x86.Build.0 = Debug|Win32
		{DFC4A0C0-D2CF-4671-B78A-6E9150DFCC17}.Release|x64.ActiveCfg = Release|x64
		{DFC4A0C0-D2CF-4671-B78A-6E9150DFCC17}.Release|x64.Build.0 = Release|x64
		{DFC4A0C0-D2CF-4671-B78A-6E9150DFCC17}.Release|x86.ActiveCfg = Release|Win32
		{DFC4A0C0-D2CF-4671-B78A-6E9150DFCC17}.Release|x86.Build.0 = Release|Win32
		{FD854348-6B93-4613-9479-7ED766DF9F6C}.Debug|x64.ActiveCfg = Debug|x64
		{FD854348-6B93-4613-9479-7ED766DF9F6C}.Debug|x64.Build.0 = Debug|x64
		{FD854348-6B93-4613-9479-7ED766DF9F6C}.Debug|x86.ActiveCfg = Debug|Win32
		{FD854348-6B93-4613-9479-7ED766DF9F6C}.Debug|x86.Build.0 = Debug|Win32
		{FD854348-6B93-4613-9479-7ED766DF9F6C}.Release|x64.ActiveCfg = Release|x64
		{FD854348-6B93-4613-9479-7ED766DF9F6C}.Release|x64.Build.0 = Release|x64
		{FD854348-6B93-4613-9479-7ED766DF9F6C}.Release|x86.ActiveCfg = Release|Win32
		{FD854348-6B93-4613-9479-7ED766DF9F6C}.Release|x86.Build.0 = Release|Win32
		{374D82E3-10BD-4237-8173-17E7E37EF366}.Debug|x64.ActiveCfg = Debug|x64
		{374D82E3-10BD-4237-8173-17E7E37EF366}.Debug|x64.Build.0 = Debug|x64
		{374D82E3-10BD-4237-8173-17E7E37EF366}.Debug|x86.ActiveCfg = Debug|Win32
		{374D82E3-10BD-4237-8173-17E7E37EF366}.Debug|x86.Build.0 = Debug|Win32
		{374D82E3-10BD-4237-8173-17E7E37EF366}.Release|x64.ActiveCfg = Release|x64
		{374D82E3-10BD-4237-8173-17E7E37EF366}.Release|x64.Build.0 = Release|x64
		{374D82E3-10BD-4237-8173-17E7E37EF366}.Release|x86.ActiveCfg = Release|Win32
		{374D82E3-10BD-4237-8173-17E7E37EF366}.Release|x86.Build.0 = Release|Win32
		{E8B458EC-9201-4E81-85B2-A7AF77841CAB}.Debug|x64.ActiveCfg = Debug|x64
		{E8B458EC-9201-4E81-85B2-A7AF77841CAB}.Debug|x64.Build.0 = Debug|x64
		{E8B458EC-9201-4E81-85B2-A7AF77841CAB}.Debug|x86.ActiveCfg = Debug|Win32
		{E8B458EC-9201-4E81-85B2-A7AF77841CAB}.Debug|x86.Build.0 = Debug|Win32
		{E8B458EC-9201-4E81-85B2-A7AF77841CAB}.Release|x64.ActiveCfg = Release|x64
		{E8B458EC-9201-4E81-85B2-A7AF77841CAB}.Release|x64.Build.0 = Release|x64
		{E8B458EC-9201-4E81-85B2-A7AF77841CAB}.Release|x86.ActiveCfg = Release|Win32
		{E8B458EC-9201-4E81-85B2-A7AF77841CAB}.Release|x86.Build.0 = Release|Win32
		{796855C4-1656-418D-87B6-2BD3E92C40C8}.Debug|x64.ActiveCfg = Debug|x64
		{796855C4-1656-418D-87B6-2BD3E92C40C8}.Debug|x64.Build.0 = Debug|x64
		{796855C4-1656-418D-87B6-2BD3E92C40C8}.Debug|x86.ActiveCfg = Debug|Win32
		{796855C4-1656-418D-87B6-2BD3E92C40C8}.Debug|x86.Build.0 = Debug|Win32
		{796855C4-1656-418D-87B6-2BD3E92C40C8}.Release|x64.ActiveCfg = Release|x64
		{796855C4-1656-418D-87B6-2BD3E92C40C8}.Release|x64.Build.0 = Release|x64
		{796855C4-1656-418D-87B6-2BD3E92C40C8}.Release|x86.ActiveCfg = Release|Win32
		{796855C4-1656-418D-87B6-2BD3E92C40C8}.Release|x86.Build.0 = Release|Win32
		{C14AC3FA-0A8E-489B-9967-3512E183BCAE}.Debug|x64.ActiveCfg = Debug|x64
		{C14AC3FA-0A8E-489B-9967-3512E183BCAE}.Debug|x64.Build.0 = Debug|x64
		{C14AC3FA-0A8E-489B-9967-3512E183BCAE}.Debug|x86.ActiveCfg = Debug|Win32
		{C14AC3FA-0A8E-489B-9967-3512E183BCAE}.Debug|x86.Build.0 = Debug|Win32
		{C14AC3FA-0A8E-489B-9967-3512E183BCAE}.Release|x64.ActiveCfg = Release|x64
		{C14AC3FA-0A8E-489B-9967-3512E183BCAE}.Release|x64.Build.0 = Release|x64
		{C14AC3FA-0A8E-489B-9967-3512E183BCAE}.Release|x86.ActiveCfg = Release|Win32
		{C14AC3FA-0A8E-489B-9967-3512E183BCAE}.Release|x86.Build.0 = Release|Win32
		{CD2C8D6F-7D8A-45AC-8AB5-31FD65D7759B}.Debug|x64.ActiveCfg = Debug|x64
		{CD2C8D6F-7D8A-45AC-8AB5-31FD65D7759B}.Debug|x64.Build.0 = Debug|x64
		{CD2C8D6F-7D8A-45AC-8AB5-31FD65D7759B}.Debug|x86.ActiveCfg = Debug|Win32
		{CD2C8D6F-7D8A-45AC-8AB5-31FD65D7759B}.Debug|x86.Build.0 = Debug|Win32
		{CD2C8D6F-7D8A-45AC-8AB5-31FD65D7759B}.Release|x64.ActiveCfg = Release|x64
		{CD2C8D6F-7D8A-45AC-8AB5-31FD65D7759B}.Release|x64.Build.0 = Release|x64
		{CD2C8D6F-7D8A-45AC-8AB5-31FD65D7759B}.Release|x86.ActiveCfg = Release|Win32
		{CD2C8D6F-7D8A-45AC-8AB5-31FD65D7759B}.Release|x86.Build.0 = Release|Win32
	EndGlobalSection
	GlobalSection(SolutionProperties) = preSolution
		HideSolutionNode = FALSE
	EndGlobalSection
	GlobalSection(ExtensibilityGlobals) = postSolution
		SolutionGuid = {714B9033-B8BD-4115-911B-55EA7B0AF14D}
	EndGlobalSection
EndGlobal
